
Microsoft Visual Studio Solution File, Format Version 12.00
# Visual Studio Version 17
VisualStudioVersion = 17.10.34928.147
MinimumVisualStudioVersion = 10.0.40219.1
Project("{FAE04EC0-301F-11D3-BF4B-00C04F79EFBC}") = "AcuaParkManager.API", "AcuaParkManager.API\AcuaParkManager.API.csproj", "{CA54ADA2-49C8-4515-99AE-841097491A8E}"
EndProject
Global
	GlobalSection(SolutionConfigurationPlatforms) = preSolution
		Debug|Any CPU = Debug|Any CPU
		Release|Any CPU = Release|Any CPU
	EndGlobalSection
	GlobalSection(ProjectConfigurationPlatforms) = postSolution
		{CA54ADA2-49C8-4515-99AE-841097491A8E}.Debug|Any CPU.ActiveCfg = Debug|Any CPU
		{CA54ADA2-49C8-4515-99AE-841097491A8E}.Debug|Any CPU.Build.0 = Debug|Any CPU
		{CA54ADA2-49C8-4515-99AE-841097491A8E}.Release|Any CPU.ActiveCfg = Release|Any CPU
		{CA54ADA2-49C8-4515-99AE-841097491A8E}.Release|Any CPU.Build.0 = Release|Any CPU
	EndGlobalSection
	GlobalSection(SolutionProperties) = preSolution
		HideSolutionNode = FALSE
	EndGlobalSection
	GlobalSection(ExtensibilityGlobals) = postSolution
		SolutionGuid = {DEFC5493-5D50-4EC0-A7A8-2812F4A92BBB}
	EndGlobalSection
EndGlobal
