
Microsoft Visual Studio Solution File, Format Version 12.00
# Visual Studio Version 17
VisualStudioVersion = 17.10.34928.147
MinimumVisualStudioVersion = 10.0.40219.1
Project("{9A19103F-16F7-4668-BE54-9A1E7A4F7556}") = "AcuaParkAPI", "AcuaParkAPI.csproj", "{93EA447D-991D-4B82-A33C-83F54C3F2CFC}"
EndProject
Project("{9A19103F-16F7-4668-BE54-9A1E7A4F7556}") = "AcuaParkRepository", "..\AcuaParkRepository\AcuaParkRepository.csproj", "{E8BB50B0-BF4A-41A1-93AE-7FEC10D922FF}"
EndProject
Project("{9A19103F-16F7-4668-BE54-9A1E7A4F7556}") = "AcuaParkShared", "..\AcuaParkManagerShared\AcuaParkShared.csproj", "{7AD6E6D0-0754-4620-91FB-BBC0E259AD96}"
EndProject
Global
	GlobalSection(SolutionConfigurationPlatforms) = preSolution
		Debug|Any CPU = Debug|Any CPU
		Release|Any CPU = Release|Any CPU
	EndGlobalSection
	GlobalSection(ProjectConfigurationPlatforms) = postSolution
		{93EA447D-991D-4B82-A33C-83F54C3F2CFC}.Debug|Any CPU.ActiveCfg = Debug|Any CPU
		{93EA447D-991D-4B82-A33C-83F54C3F2CFC}.Debug|Any CPU.Build.0 = Debug|Any CPU
		{93EA447D-991D-4B82-A33C-83F54C3F2CFC}.Release|Any CPU.ActiveCfg = Release|Any CPU
		{93EA447D-991D-4B82-A33C-83F54C3F2CFC}.Release|Any CPU.Build.0 = Release|Any CPU
		{E8BB50B0-BF4A-41A1-93AE-7FEC10D922FF}.Debug|Any CPU.ActiveCfg = Debug|Any CPU
		{E8BB50B0-BF4A-41A1-93AE-7FEC10D922FF}.Debug|Any CPU.Build.0 = Debug|Any CPU
		{E8BB50B0-BF4A-41A1-93AE-7FEC10D922FF}.Release|Any CPU.ActiveCfg = Release|Any CPU
		{E8BB50B0-BF4A-41A1-93AE-7FEC10D922FF}.Release|Any CPU.Build.0 = Release|Any CPU
		{7AD6E6D0-0754-4620-91FB-BBC0E259AD96}.Debug|Any CPU.ActiveCfg = Debug|Any CPU
		{7AD6E6D0-0754-4620-91FB-BBC0E259AD96}.Debug|Any CPU.Build.0 = Debug|Any CPU
		{7AD6E6D0-0754-4620-91FB-BBC0E259AD96}.Release|Any CPU.ActiveCfg = Release|Any CPU
		{7AD6E6D0-0754-4620-91FB-BBC0E259AD96}.Release|Any CPU.Build.0 = Release|Any CPU
	EndGlobalSection
	GlobalSection(SolutionProperties) = preSolution
		HideSolutionNode = FALSE
	EndGlobalSection
	GlobalSection(ExtensibilityGlobals) = postSolution
		SolutionGuid = {6D2E036B-2692-4B5B-AFD5-135EE2B6871F}
	EndGlobalSection
EndGlobal
