
Microsoft Visual Studio Solution File, Format Version 12.00
# Visual Studio Version 17
VisualStudioVersion = 17.10.34928.147
MinimumVisualStudioVersion = 10.0.40219.1
Project("{FAE04EC0-301F-11D3-BF4B-00C04F79EFBC}") = "AcuaParkAPI", "AcuaParkAPI.csproj", "{93EA447D-991D-4B82-A33C-83F54C3F2CFC}"
EndProject
Global
	GlobalSection(SolutionConfigurationPlatforms) = preSolution
		Debug|Any CPU = Debug|Any CPU
		Release|Any CPU = Release|Any CPU
	EndGlobalSection
	GlobalSection(ProjectConfigurationPlatforms) = postSolution
		{93EA447D-991D-4B82-A33C-83F54C3F2CFC}.Debug|Any CPU.ActiveCfg = Debug|Any CPU
		{93EA447D-991D-4B82-A33C-83F54C3F2CFC}.Debug|Any CPU.Build.0 = Debug|Any CPU
		{93EA447D-991D-4B82-A33C-83F54C3F2CFC}.Release|Any CPU.ActiveCfg = Release|Any CPU
		{93EA447D-991D-4B82-A33C-83F54C3F2CFC}.Release|Any CPU.Build.0 = Release|Any CPU
	EndGlobalSection
	GlobalSection(SolutionProperties) = preSolution
		HideSolutionNode = FALSE
	EndGlobalSection
	GlobalSection(ExtensibilityGlobals) = postSolution
		SolutionGuid = {6D2E036B-2692-4B5B-AFD5-135EE2B6871F}
	EndGlobalSection
EndGlobal
